{
  "name": "project",
  "lockfileVersion": 3,
  "requires": true,
  "packages": {
    "": {
      "dependencies": {
        "@kilocode/cli": "^7.1.22"
      }
    },
    "node_modules/@kilocode/cli": {
      "version": "7.1.22",
      "resolved": "https://registry.npmjs.org/@kilocode/cli/-/cli-7.1.22.tgz",
      "integrity": "sha512-lWpm5aDHqLM8BTsz7b/9JmV4FrjWYzc22FuYoc2gl2o3xyofJbvM/asPpXEHFC+krrhVAnzDTpWBBGjOeFi3Tw==",
      "hasInstallScript": true,
      "license": "MIT",
      "bin": {
        "kilo": "bin/kilo",
        "kilocode": "bin/kilo"
      },
      "optionalDependencies": {
        "@kilocode/cli-darwin-arm64": "7.1.22",
        "@kilocode/cli-darwin-x64": "7.1.22",
        "@kilocode/cli-darwin-x64-baseline": "7.1.22",
        "@kilocode/cli-linux-arm64": "7.1.22",
        "@kilocode/cli-linux-arm64-musl": "7.1.22",
        "@kilocode/cli-linux-x64": "7.1.22",
        "@kilocode/cli-linux-x64-baseline": "7.1.22",
        "@kilocode/cli-linux-x64-baseline-musl": "7.1.22",
        "@kilocode/cli-linux-x64-musl": "7.1.22",
        "@kilocode/cli-windows-arm64": "7.1.22",
        "@kilocode/cli-windows-x64": "7.1.22",
        "@kilocode/cli-windows-x64-baseline": "7.1.22"
      }
    },
    "node_modules/@kilocode/cli-darwin-arm64": {
      "version": "7.1.22",
      "resolved": "https://registry.npmjs.org/@kilocode/cli-darwin-arm64/-/cli-darwin-arm64-7.1.22.tgz",
      "integrity": "sha512-At3TL5ymKy2f/WSYzmfOWNJfURL7OfJiSh74qqTTVp/UtlTkzH9LQr8SHkw7nvkb+A+KoOwqoHTjRwR2qKETYA==",
      "cpu": [
        "arm64"
      ],
      "optional": true,
      "os": [
        "darwin"
      ]
    },
    "node_modules/@kilocode/cli-darwin-x64": {
      "version": "7.1.22",
      "resolved": "https://registry.npmjs.org/@kilocode/cli-darwin-x64/-/cli-darwin-x64-7.1.22.tgz",
      "integrity": "sha512-/hDwh9gIfG/JWc9c9fK87yQBRqDhub6RuX9LNlRBGp6YkZugq5yui0ji2MS5nz9NdKg291jGQRAYxNCNvzEgtA==",
      "cpu": [
        "x64"
      ],
      "optional": true,
      "os": [
        "darwin"
      ]
    },
    "node_modules/@kilocode/cli-darwin-x64-baseline": {
      "version": "7.1.22",
      "resolved": "https://registry.npmjs.org/@kilocode/cli-darwin-x64-baseline/-/cli-darwin-x64-baseline-7.1.22.tgz",
      "integrity": "sha512-Uy7BDYIaGBAQXBkhXrjwJpRL0xGRwaMj8cmdxCPmZ4Z0FFGC2CVyBPnkHe94m4T/Ne4DbOC8AqT/x52C19eNQw==",
      "cpu": [
        "x64"
      ],
      "optional": true,
      "os": [
        "darwin"
      ]
    },
    "node_modules/@kilocode/cli-linux-arm64": {
      "version": "7.1.22",
      "resolved": "https://registry.npmjs.org/@kilocode/cli-linux-arm64/-/cli-linux-arm64-7.1.22.tgz",
      "integrity": "sha512-iNz9JVr8ZIK6jE7Of+sxsVjLty1IWU73hrbzZUuOIDHUYxwWb7c8GGZRvq8ernHgbu8sr+XACKt+6uLMIJ7PfQ==",
      "cpu": [
        "arm64"
      ],
      "optional": true,
      "os": [
        "linux"
      ]
    },
    "node_modules/@kilocode/cli-linux-arm64-musl": {
      "version": "7.1.22",
      "resolved": "https://registry.npmjs.org/@kilocode/cli-linux-arm64-musl/-/cli-linux-arm64-musl-7.1.22.tgz",
      "integrity": "sha512-sl0ijavcJe7hyySpTVHz96xPmGRY/HkF/j/OReKwPnnfUoG++lu7Bg5T1ao6ciMv+WaK+N5kH0/w0HuBeqLSNw==",
      "cpu": [
        "arm64"
      ],
      "optional": true,
      "os": [
        "linux"
      ]
    },
    "node_modules/@kilocode/cli-linux-x64": {
      "version": "7.1.22",
      "resolved": "https://registry.npmjs.org/@kilocode/cli-linux-x64/-/cli-linux-x64-7.1.22.tgz",
      "integrity": "sha512-n+As/hk+g+WgrvqYUapE31+Z4r3eQMwXBvrp1dSYXxoBBvrOH7nHpzK8OfpZDaRN2vOL1DOrnkb69hG7ESBDgw==",
      "cpu": [
        "x64"
      ],
      "optional": true,
      "os": [
        "linux"
      ]
    },
    "node_modules/@kilocode/cli-linux-x64-baseline": {
      "version": "7.1.22",
      "resolved": "https://registry.npmjs.org/@kilocode/cli-linux-x64-baseline/-/cli-linux-x64-baseline-7.1.22.tgz",
      "integrity": "sha512-9N5x+UrfMRRLJW0LD218vjcfNJpgdx4/qSkKO8dqN35v+C2U5BBPSv46lWgWxCOEQ827JXWgDOCC7LvKt6ttNA==",
      "cpu": [
        "x64"
      ],
      "optional": true,
      "os": [
        "linux"
      ]
    },
    "node_modules/@kilocode/cli-linux-x64-baseline-musl": {
      "version": "7.1.22",
      "resolved": "https://registry.npmjs.org/@kilocode/cli-linux-x64-baseline-musl/-/cli-linux-x64-baseline-musl-7.1.22.tgz",
      "integrity": "sha512-g8TFMmTErjXwnQTgmDFIDbuxXDE/Lfh738X7GC1R0HLIumgEJHXbHS8MjR569Ld3nZXKuwXaTOAjX06nAfGbdA==",
      "cpu": [
        "x64"
      ],
      "optional": true,
      "os": [
        "linux"
      ]
    },
    "node_modules/@kilocode/cli-linux-x64-musl": {
      "version": "7.1.22",
      "resolved": "https://registry.npmjs.org/@kilocode/cli-linux-x64-musl/-/cli-linux-x64-musl-7.1.22.tgz",
      "integrity": "sha512-lP2U4N46DbADP365HVaaGEOliPaJBw3+qqQHqr/BZShFI1fV/gdUCn368NWWfzFVXxcU2iDgBBGkKujJntGxBA==",
      "cpu": [
        "x64"
      ],
      "optional": true,
      "os": [
        "linux"
      ]
    },
    "node_modules/@kilocode/cli-windows-arm64": {
      "version": "7.1.22",
      "resolved": "https://registry.npmjs.org/@kilocode/cli-windows-arm64/-/cli-windows-arm64-7.1.22.tgz",
      "integrity": "sha512-COSHj5ljVDgSUGOE7rMVX6KQvhXulDmPaNEyE1mM29YyDYjyy7h+Pf+CW6Gm3w/YKlXmfHRRkPwAi5hf+j3jDg==",
      "cpu": [
        "arm64"
      ],
      "optional": true,
      "os": [
        "win32"
      ]
    },
    "node_modules/@kilocode/cli-windows-x64": {
      "version": "7.1.22",
      "resolved": "https://registry.npmjs.org/@kilocode/cli-windows-x64/-/cli-windows-x64-7.1.22.tgz",
      "integrity": "sha512-HRiSzivHKI26/3j0bdAWO9ONql1ZGDVnTWzkxHofBkCuaA/rX3+ER0/PJYvSqMyFgpuNeFqSc0B6HqOqcLXXaA==",
      "cpu": [
        "x64"
      ],
      "optional": true,
      "os": [
        "win32"
      ]
    },
    "node_modules/@kilocode/cli-windows-x64-baseline": {
      "version": "7.1.22",
      "resolved": "https://registry.npmjs.org/@kilocode/cli-windows-x64-baseline/-/cli-windows-x64-baseline-7.1.22.tgz",
      "integrity": "sha512-BEB87ROMh1Ow1FsKZVYbSMNBe+3IZOQvUAUmW4+eC+XUWKHD0PqGBPsHIE24Vff/gYXD4D8Pqi2IdXtBvfu40w==",
      "cpu": [
        "x64"
      ],
      "optional": true,
      "os": [
        "win32"
      ]
    }
  }
}
